# THIS IS AN AUTOGENERATED FILE. DO NOT EDIT THIS FILE DIRECTLY.
# yarn lockfile v1


"@hive/esm-shell-app@/Users/mac/node_projects/hive-projects/hive-esm-core/packages/esm-shell-app/dist/emulator/hive-esm-shell-app-1.0.0.tgz":
  version "1.0.0"
  resolved "/Users/mac/node_projects/hive-projects/hive-esm-core/packages/esm-shell-app/dist/emulator/hive-esm-shell-app-1.0.0.tgz#0cd6dffeda5a5fca8f20ec1a8ee7a69c2ecfd83b"
